
Microsoft Visual Studio Solution File, Format Version 12.00
# Visual Studio 2013
VisualStudioVersion = 12.0.30501.0
MinimumVisualStudioVersion = 10.0.40219.1
Project("{FAE04EC0-301F-11D3-BF4B-00C04F79EFBC}") = "LinkSenderLite", "LinkSenderLite\LinkSenderLite.csproj", "{06FD796A-D2D5-48F7-B675-A75EC4B90DDC}"
EndProject
Global
	GlobalSection(SolutionConfigurationPlatforms) = preSolution
		Debug|Any CPU = Debug|Any CPU
		Debug|Mixed Platforms = Debug|Mixed Platforms
		Debug|x86 = Debug|x86
		Release|Any CPU = Release|Any CPU
		Release|Mixed Platforms = Release|Mixed Platforms
		Release|x86 = Release|x86
	EndGlobalSection
	GlobalSection(ProjectConfigurationPlatforms) = postSolution
		{06FD796A-D2D5-48F7-B675-A75EC4B90DDC}.Debug|Any CPU.ActiveCfg = Debug|Any CPU
		{06FD796A-D2D5-48F7-B675-A75EC4B90DDC}.Debug|Any CPU.Build.0 = Debug|Any CPU
		{06FD796A-D2D5-48F7-B675-A75EC4B90DDC}.Debug|Mixed Platforms.ActiveCfg = Debug|Any CPU
		{06FD796A-D2D5-48F7-B675-A75EC4B90DDC}.Debug|Mixed Platforms.Build.0 = Debug|Any CPU
		{06FD796A-D2D5-48F7-B675-A75EC4B90DDC}.Debug|x86.ActiveCfg = Debug|Any CPU
		{06FD796A-D2D5-48F7-B675-A75EC4B90DDC}.Release|Any CPU.ActiveCfg = Release|Any CPU
		{06FD796A-D2D5-48F7-B675-A75EC4B90DDC}.Release|Any CPU.Build.0 = Release|Any CPU
		{06FD796A-D2D5-48F7-B675-A75EC4B90DDC}.Release|Mixed Platforms.ActiveCfg = Release|Any CPU
		{06FD796A-D2D5-48F7-B675-A75EC4B90DDC}.Release|Mixed Platforms.Build.0 = Release|Any CPU
		{06FD796A-D2D5-48F7-B675-A75EC4B90DDC}.Release|x86.ActiveCfg = Release|Any CPU
	EndGlobalSection
	GlobalSection(SolutionProperties) = preSolution
		HideSolutionNode = FALSE
	EndGlobalSection
EndGlobal
